// !$*UTF8*$!
{
	archiveVersion = 1;
	classes = {
	};
	objectVersion = 46;
	objects = {

/* Begin PBXBuildFile section */
		EAEC3C2818DFFCD40097CEB2 /* Foundation.framework in Frameworks */ = {isa = PBXBuildFile; fileRef = EAEC3C2718DFFCD40097CEB2 /* Foundation.framework */; };
		EAEC3C2A18DFFCD40097CEB2 /* CoreGraphics.framework in Frameworks */ = {isa = PBXBuildFile; fileRef = EAEC3C2918DFFCD40097CEB2 /* CoreGraphics.framework */; };
		EAEC3C2C18DFFCD40097CEB2 /* UIKit.framework in Frameworks */ = {isa = PBXBuildFile; fileRef = EAEC3C2B18DFFCD40097CEB2 /* UIKit.framework */; };
		EAEC3C3218DFFCD40097CEB2 /* InfoPlist.strings in Resources */ = {isa = PBXBuildFile; fileRef = EAEC3C3018DFFCD40097CEB2 /* InfoPlist.strings */; };
		EAEC3C3418DFFCD40097CEB2 /* main.m in Sources */ = {isa = PBXBuildFile; fileRef = EAEC3C3318DFFCD40097CEB2 /* main.m */; };
		EAEC3C3818DFFCD40097CEB2 /* AppDelegate.m in Sources */ = {isa = PBXBuildFile; fileRef = EAEC3C3718DFFCD40097CEB2 /* AppDelegate.m */; };
		EAEC3C3B18DFFCD40097CEB2 /* Main_iPhone.storyboard in Resources */ = {isa = PBXBuildFile; fileRef = EAEC3C3918DFFCD40097CEB2 /* Main_iPhone.storyboard */; };
		EAEC3C3E18DFFCD40097CEB2 /* Main_iPad.storyboard in Resources */ = {isa = PBXBuildFile; fileRef = EAEC3C3C18DFFCD40097CEB2 /* Main_iPad.storyboard */; };
		EAEC3C4118DFFCD40097CEB2 /* ViewController.m in Sources */ = {isa = PBXBuildFile; fileRef = EAEC3C4018DFFCD40097CEB2 /* ViewController.m */; };
		EAEC3C4318DFFCD40097CEB2 /* Images.xcassets in Resources */ = {isa = PBXBuildFile; fileRef = EAEC3C4218DFFCD40097CEB2 /* Images.xcassets */; };
		EAEC3C4A18DFFCD50097CEB2 /* XCTest.framework in Frameworks */ = {isa = PBXBuildFile; fileRef = EAEC3C4918DFFCD50097CEB2 /* XCTest.framework */; };
		EAEC3C4B18DFFCD50097CEB2 /* Foundation.framework in Frameworks */ = {isa = PBXBuildFile; fileRef = EAEC3C2718DFFCD40097CEB2 /* Foundation.framework */; };
		EAEC3C4C18DFFCD50097CEB2 /* UIKit.framework in Frameworks */ = {isa = PBXBuildFile; fileRef = EAEC3C2B18DFFCD40097CEB2 /* UIKit.framework */; };
		EAEC3C5418DFFCD50097CEB2 /* InfoPlist.strings in Resources */ = {isa = PBXBuildFile; fileRef = EAEC3C5218DFFCD50097CEB2 /* InfoPlist.strings */; };
		EAEC3C5618DFFCD50097CEB2 /* iCarosealExampleTests.m in Sources */ = {isa = PBXBuildFile; fileRef = EAEC3C5518DFFCD50097CEB2 /* iCarosealExampleTests.m */; };
		EAEC3C6318DFFD9B0097CEB2 /* iCarousel.m in Sources */ = {isa = PBXBuildFile; fileRef = EAEC3C6218DFFD9B0097CEB2 /* iCarousel.m */; };
		EAEC3C7C18E019860097CEB2 /* 1.jpg in Resources */ = {isa = PBXBuildFile; fileRef = EAEC3C7918E019860097CEB2 /* 1.jpg */; };
		EAEC3C7D18E019860097CEB2 /* 2.jpg in Resources */ = {isa = PBXBuildFile; fileRef = EAEC3C7A18E019860097CEB2 /* 2.jpg */; };
		EAEC3C7E18E019860097CEB2 /* 3.jpg in Resources */ = {isa = PBXBuildFile; fileRef = EAEC3C7B18E019860097CEB2 /* 3.jpg */; };
/* End PBXBuildFile section */

/* Begin PBXContainerItemProxy section */
		EAEC3C4D18DFFCD50097CEB2 /* PBXContainerItemProxy */ = {
			isa = PBXContainerItemProxy;
			containerPortal = EAEC3C1C18DFFCD40097CEB2 /* Project object */;
			proxyType = 1;
			remoteGlobalIDString = EAEC3C2318DFFCD40097CEB2;
			remoteInfo = iCarosealExample;
		};
/* End PBXContainerItemProxy section */

/* Begin PBXFileReference section */
		EAEC3C2418DFFCD40097CEB2 /* iCarosealExample.app */ = {isa = PBXFileReference; explicitFileType = wrapper.application; includeInIndex = 0; path = iCarosealExample.app; sourceTree = BUILT_PRODUCTS_DIR; };
		EAEC3C2718DFFCD40097CEB2 /* Foundation.framework */ = {isa = PBXFileReference; lastKnownFileType = wrapper.framework; name = Foundation.framework; path = System/Library/Frameworks/Foundation.framework; sourceTree = SDKROOT; };
		EAEC3C2918DFFCD40097CEB2 /* CoreGraphics.framework */ = {isa = PBXFileReference; lastKnownFileType = wrapper.framework; name = CoreGraphics.framework; path = System/Library/Frameworks/CoreGraphics.framework; sourceTree = SDKROOT; };
		EAEC3C2B18DFFCD40097CEB2 /* UIKit.framework */ = {isa = PBXFileReference; lastKnownFileType = wrapper.framework; name = UIKit.framework; path = System/Library/Frameworks/UIKit.framework; sourceTree = SDKROOT; };
		EAEC3C2F18DFFCD40097CEB2 /* iCarosealExample-Info.plist */ = {isa = PBXFileReference; lastKnownFileType = text.plist.xml; path = "iCarosealExample-Info.plist"; sourceTree = "<group>"; };
		EAEC3C3118DFFCD40097CEB2 /* en */ = {isa = PBXFileReference; lastKnownFileType = text.plist.strings; name = en; path = en.lproj/InfoPlist.strings; sourceTree = "<group>"; };
		EAEC3C3318DFFCD40097CEB2 /* main.m */ = {isa = PBXFileReference; lastKnownFileType = sourcecode.c.objc; path = main.m; sourceTree = "<group>"; };
		EAEC3C3518DFFCD40097CEB2 /* iCarosealExample-Prefix.pch */ = {isa = PBXFileReference; lastKnownFileType = sourcecode.c.h; path = "iCarosealExample-Prefix.pch"; sourceTree = "<group>"; };
		EAEC3C3618DFFCD40097CEB2 /* AppDelegate.h */ = {isa = PBXFileReference; lastKnownFileType = sourcecode.c.h; path = AppDelegate.h; sourceTree = "<group>"; };
		EAEC3C3718DFFCD40097CEB2 /* AppDelegate.m */ = {isa = PBXFileReference; lastKnownFileType = sourcecode.c.objc; path = AppDelegate.m; sourceTree = "<group>"; };
		EAEC3C3A18DFFCD40097CEB2 /* Base */ = {isa = PBXFileReference; lastKnownFileType = file.storyboard; name = Base; path = Base.lproj/Main_iPhone.storyboard; sourceTree = "<group>"; };
		EAEC3C3D18DFFCD40097CEB2 /* Base */ = {isa = PBXFileReference; lastKnownFileType = file.storyboard; name = Base; path = Base.lproj/Main_iPad.storyboard; sourceTree = "<group>"; };
		EAEC3C3F18DFFCD40097CEB2 /* ViewController.h */ = {isa = PBXFileReference; lastKnownFileType = sourcecode.c.h; path = ViewController.h; sourceTree = "<group>"; };
		EAEC3C4018DFFCD40097CEB2 /* ViewController.m */ = {isa = PBXFileReference; lastKnownFileType = sourcecode.c.objc; path = ViewController.m; sourceTree = "<group>"; };
		EAEC3C4218DFFCD40097CEB2 /* Images.xcassets */ = {isa = PBXFileReference; lastKnownFileType = folder.assetcatalog; path = Images.xcassets; sourceTree = "<group>"; };
		EAEC3C4818DFFCD50097CEB2 /* iCarosealExampleTests.xctest */ = {isa = PBXFileReference; explicitFileType = wrapper.cfbundle; includeInIndex = 0; path = iCarosealExampleTests.xctest; sourceTree = BUILT_PRODUCTS_DIR; };
		EAEC3C4918DFFCD50097CEB2 /* XCTest.framework */ = {isa = PBXFileReference; lastKnownFileType = wrapper.framework; name = XCTest.framework; path = Library/Frameworks/XCTest.framework; sourceTree = DEVELOPER_DIR; };
		EAEC3C5118DFFCD50097CEB2 /* iCarosealExampleTests-Info.plist */ = {isa = PBXFileReference; lastKnownFileType = text.plist.xml; path = "iCarosealExampleTests-Info.plist"; sourceTree = "<group>"; };
		EAEC3C5318DFFCD50097CEB2 /* en */ = {isa = PBXFileReference; lastKnownFileType = text.plist.strings; name = en; path = en.lproj/InfoPlist.strings; sourceTree = "<group>"; };
		EAEC3C5518DFFCD50097CEB2 /* iCarosealExampleTests.m */ = {isa = PBXFileReference; lastKnownFileType = sourcecode.c.objc; path = iCarosealExampleTests.m; sourceTree = "<group>"; };
		EAEC3C6118DFFD9B0097CEB2 /* iCarousel.h */ = {isa = PBXFileReference; fileEncoding = 4; lastKnownFileType = sourcecode.c.h; path = iCarousel.h; sourceTree = "<group>"; };
		EAEC3C6218DFFD9B0097CEB2 /* iCarousel.m */ = {isa = PBXFileReference; fileEncoding = 4; lastKnownFileType = sourcecode.c.objc; path = iCarousel.m; sourceTree = "<group>"; };
		EAEC3C7918E019860097CEB2 /* 1.jpg */ = {isa = PBXFileReference; lastKnownFileType = image.jpeg; path = 1.jpg; sourceTree = "<group>"; };
		EAEC3C7A18E019860097CEB2 /* 2.jpg */ = {isa = PBXFileReference; lastKnownFileType = image.jpeg; path = 2.jpg; sourceTree = "<group>"; };
		EAEC3C7B18E019860097CEB2 /* 3.jpg */ = {isa = PBXFileReference; lastKnownFileType = image.jpeg; path = 3.jpg; sourceTree = "<group>"; };
/* End PBXFileReference section */

/* Begin PBXFrameworksBuildPhase section */
		EAEC3C2118DFFCD40097CEB2 /* Frameworks */ = {
			isa = PBXFrameworksBuildPhase;
			buildActionMask = 2147483647;
			files = (
				EAEC3C2A18DFFCD40097CEB2 /* CoreGraphics.framework in Frameworks */,
				EAEC3C2C18DFFCD40097CEB2 /* UIKit.framework in Frameworks */,
				EAEC3C2818DFFCD40097CEB2 /* Foundation.framework in Frameworks */,
			);
			runOnlyForDeploymentPostprocessing = 0;
		};
		EAEC3C4518DFFCD50097CEB2 /* Frameworks */ = {
			isa = PBXFrameworksBuildPhase;
			buildActionMask = 2147483647;
			files = (
				EAEC3C4A18DFFCD50097CEB2 /* XCTest.framework in Frameworks */,
				EAEC3C4C18DFFCD50097CEB2 /* UIKit.framework in Frameworks */,
				EAEC3C4B18DFFCD50097CEB2 /* Foundation.framework in Frameworks */,
			);
			runOnlyForDeploymentPostprocessing = 0;
		};
/* End PBXFrameworksBuildPhase section */

/* Begin PBXGroup section */
		EAEC3C1B18DFFCD40097CEB2 = {
			isa = PBXGroup;
			children = (
				EAEC3C2D18DFFCD40097CEB2 /* iCarosealExample */,
				EAEC3C4F18DFFCD50097CEB2 /* iCarosealExampleTests */,
				EAEC3C2618DFFCD40097CEB2 /* Frameworks */,
				EAEC3C2518DFFCD40097CEB2 /* Products */,
			);
			sourceTree = "<group>";
		};
		EAEC3C2518DFFCD40097CEB2 /* Products */ = {
			isa = PBXGroup;
			children = (
				EAEC3C2418DFFCD40097CEB2 /* iCarosealExample.app */,
				EAEC3C4818DFFCD50097CEB2 /* iCarosealExampleTests.xctest */,
			);
			name = Products;
			sourceTree = "<group>";
		};
		EAEC3C2618DFFCD40097CEB2 /* Frameworks */ = {
			isa = PBXGroup;
			children = (
				EAEC3C2718DFFCD40097CEB2 /* Foundation.framework */,
				EAEC3C2918DFFCD40097CEB2 /* CoreGraphics.framework */,
				EAEC3C2B18DFFCD40097CEB2 /* UIKit.framework */,
				EAEC3C4918DFFCD50097CEB2 /* XCTest.framework */,
			);
			name = Frameworks;
			sourceTree = "<group>";
		};
		EAEC3C2D18DFFCD40097CEB2 /* iCarosealExample */ = {
			isa = PBXGroup;
			children = (
				EAEC3C3618DFFCD40097CEB2 /* AppDelegate.h */,
				EAEC3C3718DFFCD40097CEB2 /* AppDelegate.m */,
				EAEC3C3918DFFCD40097CEB2 /* Main_iPhone.storyboard */,
				EAEC3C3C18DFFCD40097CEB2 /* Main_iPad.storyboard */,
				EAEC3C3F18DFFCD40097CEB2 /* ViewController.h */,
				EAEC3C4018DFFCD40097CEB2 /* ViewController.m */,
				EAEC3C4218DFFCD40097CEB2 /* Images.xcassets */,
				EAEC3C6418DFFEF90097CEB2 /* Images */,
				EAEC3C2E18DFFCD40097CEB2 /* Supporting Files */,
				EAEC3C5F18DFFD9B0097CEB2 /* ThirdParty */,
			);
			path = iCarosealExample;
			sourceTree = "<group>";
		};
		EAEC3C2E18DFFCD40097CEB2 /* Supporting Files */ = {
			isa = PBXGroup;
			children = (
				EAEC3C2F18DFFCD40097CEB2 /* iCarosealExample-Info.plist */,
				EAEC3C3018DFFCD40097CEB2 /* InfoPlist.strings */,
				EAEC3C3318DFFCD40097CEB2 /* main.m */,
				EAEC3C3518DFFCD40097CEB2 /* iCarosealExample-Prefix.pch */,
			);
			name = "Supporting Files";
			sourceTree = "<group>";
		};
		EAEC3C4F18DFFCD50097CEB2 /* iCarosealExampleTests */ = {
			isa = PBXGroup;
			children = (
				EAEC3C5518DFFCD50097CEB2 /* iCarosealExampleTests.m */,
				EAEC3C5018DFFCD50097CEB2 /* Supporting Files */,
			);
			path = iCarosealExampleTests;
			sourceTree = "<group>";
		};
		EAEC3C5018DFFCD50097CEB2 /* Supporting Files */ = {
			isa = PBXGroup;
			children = (
				EAEC3C5118DFFCD50097CEB2 /* iCarosealExampleTests-Info.plist */,
				EAEC3C5218DFFCD50097CEB2 /* InfoPlist.strings */,
			);
			name = "Supporting Files";
			sourceTree = "<group>";
		};
		EAEC3C5F18DFFD9B0097CEB2 /* ThirdParty */ = {
			isa = PBXGroup;
			children = (
				EAEC3C6018DFFD9B0097CEB2 /* iCarousel */,
			);
			path = ThirdParty;
			sourceTree = "<group>";
		};
		EAEC3C6018DFFD9B0097CEB2 /* iCarousel */ = {
			isa = PBXGroup;
			children = (
				EAEC3C6118DFFD9B0097CEB2 /* iCarousel.h */,
				EAEC3C6218DFFD9B0097CEB2 /* iCarousel.m */,
			);
			path = iCarousel;
			sourceTree = "<group>";
		};
		EAEC3C6418DFFEF90097CEB2 /* Images */ = {
			isa = PBXGroup;
			children = (
				EAEC3C7918E019860097CEB2 /* 1.jpg */,
				EAEC3C7A18E019860097CEB2 /* 2.jpg */,
				EAEC3C7B18E019860097CEB2 /* 3.jpg */,
			);
			path = Images;
			sourceTree = "<group>";
		};
/* End PBXGroup section */

/* Begin PBXNativeTarget section */
		EAEC3C2318DFFCD40097CEB2 /* iCarosealExample */ = {
			isa = PBXNativeTarget;
			buildConfigurationList = EAEC3C5918DFFCD50097CEB2 /* Build configuration list for PBXNativeTarget "iCarosealExample" */;
			buildPhases = (
				EAEC3C2018DFFCD40097CEB2 /* Sources */,
				EAEC3C2118DFFCD40097CEB2 /* Frameworks */,
				EAEC3C2218DFFCD40097CEB2 /* Resources */,
			);
			buildRules = (
			);
			dependencies = (
			);
			name = iCarosealExample;
			productName = iCarosealExample;
			productReference = EAEC3C2418DFFCD40097CEB2 /* iCarosealExample.app */;
			productType = "com.apple.product-type.application";
		};
		EAEC3C4718DFFCD50097CEB2 /* iCarosealExampleTests */ = {
			isa = PBXNativeTarget;
			buildConfigurationList = EAEC3C5C18DFFCD50097CEB2 /* Build configuration list for PBXNativeTarget "iCarosealExampleTests" */;
			buildPhases = (
				EAEC3C4418DFFCD50097CEB2 /* Sources */,
				EAEC3C4518DFFCD50097CEB2 /* Frameworks */,
				EAEC3C4618DFFCD50097CEB2 /* Resources */,
			);
			buildRules = (
			);
			dependencies = (
				EAEC3C4E18DFFCD50097CEB2 /* PBXTargetDependency */,
			);
			name = iCarosealExampleTests;
			productName = iCarosealExampleTests;
			productReference = EAEC3C4818DFFCD50097CEB2 /* iCarosealExampleTests.xctest */;
			productType = "com.apple.product-type.bundle.unit-test";
		};
/* End PBXNativeTarget section */

/* Begin PBXProject section */
		EAEC3C1C18DFFCD40097CEB2 /* Project object */ = {
			isa = PBXProject;
			attributes = {
				LastUpgradeCheck = 0510;
				ORGANIZATIONNAME = "TheAppGuruz-New-6";
				TargetAttributes = {
					EAEC3C4718DFFCD50097CEB2 = {
						TestTargetID = EAEC3C2318DFFCD40097CEB2;
					};
				};
			};
			buildConfigurationList = EAEC3C1F18DFFCD40097CEB2 /* Build configuration list for PBXProject "iCarosealExample" */;
			compatibilityVersion = "Xcode 3.2";
			developmentRegion = English;
			hasScannedForEncodings = 0;
			knownRegions = (
				en,
				Base,
			);
			mainGroup = EAEC3C1B18DFFCD40097CEB2;
			productRefGroup = EAEC3C2518DFFCD40097CEB2 /* Products */;
			projectDirPath = "";
			projectRoot = "";
			targets = (
				EAEC3C2318DFFCD40097CEB2 /* iCarosealExample */,
				EAEC3C4718DFFCD50097CEB2 /* iCarosealExampleTests */,
			);
		};
/* End PBXProject section */

/* Begin PBXResourcesBuildPhase section */
		EAEC3C2218DFFCD40097CEB2 /* Resources */ = {
			isa = PBXResourcesBuildPhase;
			buildActionMask = 2147483647;
			files = (
				EAEC3C3E18DFFCD40097CEB2 /* Main_iPad.storyboard in Resources */,
				EAEC3C4318DFFCD40097CEB2 /* Images.xcassets in Resources */,
				EAEC3C7E18E019860097CEB2 /* 3.jpg in Resources */,
				EAEC3C7D18E019860097CEB2 /* 2.jpg in Resources */,
				EAEC3C7C18E019860097CEB2 /* 1.jpg in Resources */,
				EAEC3C3B18DFFCD40097CEB2 /* Main_iPhone.storyboard in Resources */,
				EAEC3C3218DFFCD40097CEB2 /* InfoPlist.strings in Resources */,
			);
			runOnlyForDeploymentPostprocessing = 0;
		};
		EAEC3C4618DFFCD50097CEB2 /* Resources */ = {
			isa = PBXResourcesBuildPhase;
			buildActionMask = 2147483647;
			files = (
				EAEC3C5418DFFCD50097CEB2 /* InfoPlist.strings in Resources */,
			);
			runOnlyForDeploymentPostprocessing = 0;
		};
/* End PBXResourcesBuildPhase section */

/* Begin PBXSourcesBuildPhase section */
		EAEC3C2018DFFCD40097CEB2 /* Sources */ = {
			isa = PBXSourcesBuildPhase;
			buildActionMask = 2147483647;
			files = (
				EAEC3C4118DFFCD40097CEB2 /* ViewController.m in Sources */,
				EAEC3C6318DFFD9B0097CEB2 /* iCarousel.m in Sources */,
				EAEC3C3818DFFCD40097CEB2 /* AppDelegate.m in Sources */,
				EAEC3C3418DFFCD40097CEB2 /* main.m in Sources */,
			);
			runOnlyForDeploymentPostprocessing = 0;
		};
		EAEC3C4418DFFCD50097CEB2 /* Sources */ = {
			isa = PBXSourcesBuildPhase;
			buildActionMask = 2147483647;
			files = (
				EAEC3C5618DFFCD50097CEB2 /* iCarosealExampleTests.m in Sources */,
			);
			runOnlyForDeploymentPostprocessing = 0;
		};
/* End PBXSourcesBuildPhase section */

/* Begin PBXTargetDependency section */
		EAEC3C4E18DFFCD50097CEB2 /* PBXTargetDependency */ = {
			isa = PBXTargetDependency;
			target = EAEC3C2318DFFCD40097CEB2 /* iCarosealExample */;
			targetProxy = EAEC3C4D18DFFCD50097CEB2 /* PBXContainerItemProxy */;
		};
/* End PBXTargetDependency section */

/* Begin PBXVariantGroup section */
		EAEC3C3018DFFCD40097CEB2 /* InfoPlist.strings */ = {
			isa = PBXVariantGroup;
			children = (
				EAEC3C3118DFFCD40097CEB2 /* en */,
			);
			name = InfoPlist.strings;
			sourceTree = "<group>";
		};
		EAEC3C3918DFFCD40097CEB2 /* Main_iPhone.storyboard */ = {
			isa = PBXVariantGroup;
			children = (
				EAEC3C3A18DFFCD40097CEB2 /* Base */,
			);
			name = Main_iPhone.storyboard;
			sourceTree = "<group>";
		};
		EAEC3C3C18DFFCD40097CEB2 /* Main_iPad.storyboard */ = {
			isa = PBXVariantGroup;
			children = (
				EAEC3C3D18DFFCD40097CEB2 /* Base */,
			);
			name = Main_iPad.storyboard;
			sourceTree = "<group>";
		};
		EAEC3C5218DFFCD50097CEB2 /* InfoPlist.strings */ = {
			isa = PBXVariantGroup;
			children = (
				EAEC3C5318DFFCD50097CEB2 /* en */,
			);
			name = InfoPlist.strings;
			sourceTree = "<group>";
		};
/* End PBXVariantGroup section */

/* Begin XCBuildConfiguration section */
		EAEC3C5718DFFCD50097CEB2 /* Debug */ = {
			isa = XCBuildConfiguration;
			buildSettings = {
				ALWAYS_SEARCH_USER_PATHS = NO;
				CLANG_CXX_LANGUAGE_STANDARD = "gnu++0x";
				CLANG_CXX_LIBRARY = "libc++";
				CLANG_ENABLE_MODULES = YES;
				CLANG_ENABLE_OBJC_ARC = YES;
				CLANG_WARN_BOOL_CONVERSION = YES;
				CLANG_WARN_CONSTANT_CONVERSION = YES;
				CLANG_WARN_DIRECT_OBJC_ISA_USAGE = YES_ERROR;
				CLANG_WARN_EMPTY_BODY = YES;
				CLANG_WARN_ENUM_CONVERSION = YES;
				CLANG_WARN_INT_CONVERSION = YES;
				CLANG_WARN_OBJC_ROOT_CLASS = YES_ERROR;
				CLANG_WARN__DUPLICATE_METHOD_MATCH = YES;
				"CODE_SIGN_IDENTITY[sdk=iphoneos*]" = "iPhone Developer";
				COPY_PHASE_STRIP = NO;
				GCC_C_LANGUAGE_STANDARD = gnu99;
				GCC_DYNAMIC_NO_PIC = NO;
				GCC_OPTIMIZATION_LEVEL = 0;
				GCC_PREPROCESSOR_DEFINITIONS = (
					"DEBUG=1",
					"$(inherited)",
				);
				GCC_SYMBOLS_PRIVATE_EXTERN = NO;
				GCC_WARN_64_TO_32_BIT_CONVERSION = YES;
				GCC_WARN_ABOUT_RETURN_TYPE = YES_ERROR;
				GCC_WARN_UNDECLARED_SELECTOR = YES;
				GCC_WARN_UNINITIALIZED_AUTOS = YES_AGGRESSIVE;
				GCC_WARN_UNUSED_FUNCTION = YES;
				GCC_WARN_UNUSED_VARIABLE = YES;
				IPHONEOS_DEPLOYMENT_TARGET = 7.1;
				ONLY_ACTIVE_ARCH = YES;
				SDKROOT = iphoneos;
				TARGETED_DEVICE_FAMILY = "1,2";
			};
			name = Debug;
		};
		EAEC3C5818DFFCD50097CEB2 /* Release */ = {
			isa = XCBuildConfiguration;
			buildSettings = {
				ALWAYS_SEARCH_USER_PATHS = NO;
				CLANG_CXX_LANGUAGE_STANDARD = "gnu++0x";
				CLANG_CXX_LIBRARY = "libc++";
				CLANG_ENABLE_MODULES = YES;
				CLANG_ENABLE_OBJC_ARC = YES;
				CLANG_WARN_BOOL_CONVERSION = YES;
				CLANG_WARN_CONSTANT_CONVERSION = YES;
				CLANG_WARN_DIRECT_OBJC_ISA_USAGE = YES_ERROR;
				CLANG_WARN_EMPTY_BODY = YES;
				CLANG_WARN_ENUM_CONVERSION = YES;
				CLANG_WARN_INT_CONVERSION = YES;
				CLANG_WARN_OBJC_ROOT_CLASS = YES_ERROR;
				CLANG_WARN__DUPLICATE_METHOD_MATCH = YES;
				"CODE_SIGN_IDENTITY[sdk=iphoneos*]" = "iPhone Developer";
				COPY_PHASE_STRIP = YES;
				ENABLE_NS_ASSERTIONS = NO;
				GCC_C_LANGUAGE_STANDARD = gnu99;
				GCC_WARN_64_TO_32_BIT_CONVERSION = YES;
				GCC_WARN_ABOUT_RETURN_TYPE = YES_ERROR;
				GCC_WARN_UNDECLARED_SELECTOR = YES;
				GCC_WARN_UNINITIALIZED_AUTOS = YES_AGGRESSIVE;
				GCC_WARN_UNUSED_FUNCTION = YES;
				GCC_WARN_UNUSED_VARIABLE = YES;
				IPHONEOS_DEPLOYMENT_TARGET = 7.1;
				SDKROOT = iphoneos;
				TARGETED_DEVICE_FAMILY = "1,2";
				VALIDATE_PRODUCT = YES;
			};
			name = Release;
		};
		EAEC3C5A18DFFCD50097CEB2 /* Debug */ = {
			isa = XCBuildConfiguration;
			buildSettings = {
				ASSETCATALOG_COMPILER_APPICON_NAME = AppIcon;
				ASSETCATALOG_COMPILER_LAUNCHIMAGE_NAME = LaunchImage;
				GCC_PRECOMPILE_PREFIX_HEADER = YES;
				GCC_PREFIX_HEADER = "iCarosealExample/iCarosealExample-Prefix.pch";
				INFOPLIST_FILE = "iCarosealExample/iCarosealExample-Info.plist";
				PRODUCT_NAME = "$(TARGET_NAME)";
				WRAPPER_EXTENSION = app;
			};
			name = Debug;
		};
		EAEC3C5B18DFFCD50097CEB2 /* Release */ = {
			isa = XCBuildConfiguration;
			buildSettings = {
				ASSETCATALOG_COMPILER_APPICON_NAME = AppIcon;
				ASSETCATALOG_COMPILER_LAUNCHIMAGE_NAME = LaunchImage;
				GCC_PRECOMPILE_PREFIX_HEADER = YES;
				GCC_PREFIX_HEADER = "iCarosealExample/iCarosealExample-Prefix.pch";
				INFOPLIST_FILE = "iCarosealExample/iCarosealExample-Info.plist";
				PRODUCT_NAME = "$(TARGET_NAME)";
				WRAPPER_EXTENSION = app;
			};
			name = Release;
		};
		EAEC3C5D18DFFCD50097CEB2 /* Debug */ = {
			isa = XCBuildConfiguration;
			buildSettings = {
				BUNDLE_LOADER = "$(BUILT_PRODUCTS_DIR)/iCarosealExample.app/iCarosealExample";
				FRAMEWORK_SEARCH_PATHS = (
					"$(SDKROOT)/Developer/Library/Frameworks",
					"$(inherited)",
					"$(DEVELOPER_FRAMEWORKS_DIR)",
				);
				GCC_PRECOMPILE_PREFIX_HEADER = YES;
				GCC_PREFIX_HEADER = "iCarosealExample/iCarosealExample-Prefix.pch";
				GCC_PREPROCESSOR_DEFINITIONS = (
					"DEBUG=1",
					"$(inherited)",
				);
				INFOPLIST_FILE = "iCarosealExampleTests/iCarosealExampleTests-Info.plist";
				PRODUCT_NAME = "$(TARGET_NAME)";
				TEST_HOST = "$(BUNDLE_LOADER)";
				WRAPPER_EXTENSION = xctest;
			};
			name = Debug;
		};
		EAEC3C5E18DFFCD50097CEB2 /* Release */ = {
			isa = XCBuildConfiguration;
			buildSettings = {
				BUNDLE_LOADER = "$(BUILT_PRODUCTS_DIR)/iCarosealExample.app/iCarosealExample";
				FRAMEWORK_SEARCH_PATHS = (
					"$(SDKROOT)/Developer/Library/Frameworks",
					"$(inherited)",
					"$(DEVELOPER_FRAMEWORKS_DIR)",
				);
				GCC_PRECOMPILE_PREFIX_HEADER = YES;
				GCC_PREFIX_HEADER = "iCarosealExample/iCarosealExample-Prefix.pch";
				INFOPLIST_FILE = "iCarosealExampleTests/iCarosealExampleTests-Info.plist";
				PRODUCT_NAME = "$(TARGET_NAME)";
				TEST_HOST = "$(BUNDLE_LOADER)";
				WRAPPER_EXTENSION = xctest;
			};
			name = Release;
		};
/* End XCBuildConfiguration section */

/* Begin XCConfigurationList section */
		EAEC3C1F18DFFCD40097CEB2 /* Build configuration list for PBXProject "iCarosealExample" */ = {
			isa = XCConfigurationList;
			buildConfigurations = (
				EAEC3C5718DFFCD50097CEB2 /* Debug */,
				EAEC3C5818DFFCD50097CEB2 /* Release */,
			);
			defaultConfigurationIsVisible = 0;
			defaultConfigurationName = Release;
		};
		EAEC3C5918DFFCD50097CEB2 /* Build configuration list for PBXNativeTarget "iCarosealExample" */ = {
			isa = XCConfigurationList;
			buildConfigurations = (
				EAEC3C5A18DFFCD50097CEB2 /* Debug */,
				EAEC3C5B18DFFCD50097CEB2 /* Release */,
			);
			defaultConfigurationIsVisible = 0;
			defaultConfigurationName = Release;
		};
		EAEC3C5C18DFFCD50097CEB2 /* Build configuration list for PBXNativeTarget "iCarosealExampleTests" */ = {
			isa = XCConfigurationList;
			buildConfigurations = (
				EAEC3C5D18DFFCD50097CEB2 /* Debug */,
				EAEC3C5E18DFFCD50097CEB2 /* Release */,
			);
			defaultConfigurationIsVisible = 0;
			defaultConfigurationName = Release;
		};
/* End XCConfigurationList section */
	};
	rootObject = EAEC3C1C18DFFCD40097CEB2 /* Project object */;
}
