// !$*UTF8*$!
{
	archiveVersion = 1;
	classes = {
	};
	objectVersion = 46;
	objects = {

/* Begin PBXBuildFile section */
		EA2263C21B7B1516003F5E37 /* AppDelegate.swift in Sources */ = {isa = PBXBuildFile; fileRef = EA2263C11B7B1516003F5E37 /* AppDelegate.swift */; };
		EA2263C41B7B1516003F5E37 /* ViewController.swift in Sources */ = {isa = PBXBuildFile; fileRef = EA2263C31B7B1516003F5E37 /* ViewController.swift */; };
		EA2263C71B7B1516003F5E37 /* Main.storyboard in Resources */ = {isa = PBXBuildFile; fileRef = EA2263C51B7B1516003F5E37 /* Main.storyboard */; };
		EA2263C91B7B1516003F5E37 /* Images.xcassets in Resources */ = {isa = PBXBuildFile; fileRef = EA2263C81B7B1516003F5E37 /* Images.xcassets */; };
		EA2263CC1B7B1516003F5E37 /* LaunchScreen.xib in Resources */ = {isa = PBXBuildFile; fileRef = EA2263CA1B7B1516003F5E37 /* LaunchScreen.xib */; };
		EA2263D81B7B1516003F5E37 /* iCarosealSwiftExampleTests.swift in Sources */ = {isa = PBXBuildFile; fileRef = EA2263D71B7B1516003F5E37 /* iCarosealSwiftExampleTests.swift */; };
		EA2263E41B7B159A003F5E37 /* iCarousel.m in Sources */ = {isa = PBXBuildFile; fileRef = EA2263E31B7B159A003F5E37 /* iCarousel.m */; };
		EACED9F91B7C53A100E3C681 /* 1.jpg in Resources */ = {isa = PBXBuildFile; fileRef = EACED9EF1B7C53A100E3C681 /* 1.jpg */; };
		EACED9FA1B7C53A100E3C681 /* 10.jpg in Resources */ = {isa = PBXBuildFile; fileRef = EACED9F01B7C53A100E3C681 /* 10.jpg */; };
		EACED9FB1B7C53A100E3C681 /* 2.jpg in Resources */ = {isa = PBXBuildFile; fileRef = EACED9F11B7C53A100E3C681 /* 2.jpg */; };
		EACED9FC1B7C53A100E3C681 /* 3.jpg in Resources */ = {isa = PBXBuildFile; fileRef = EACED9F21B7C53A100E3C681 /* 3.jpg */; };
		EACED9FD1B7C53A100E3C681 /* 4.jpg in Resources */ = {isa = PBXBuildFile; fileRef = EACED9F31B7C53A100E3C681 /* 4.jpg */; };
		EACED9FE1B7C53A100E3C681 /* 5.jpg in Resources */ = {isa = PBXBuildFile; fileRef = EACED9F41B7C53A100E3C681 /* 5.jpg */; };
		EACED9FF1B7C53A100E3C681 /* 6.jpg in Resources */ = {isa = PBXBuildFile; fileRef = EACED9F51B7C53A100E3C681 /* 6.jpg */; };
		EACEDA001B7C53A100E3C681 /* 7.jpg in Resources */ = {isa = PBXBuildFile; fileRef = EACED9F61B7C53A100E3C681 /* 7.jpg */; };
		EACEDA011B7C53A100E3C681 /* 8.jpg in Resources */ = {isa = PBXBuildFile; fileRef = EACED9F71B7C53A100E3C681 /* 8.jpg */; };
		EACEDA021B7C53A100E3C681 /* 9.jpg in Resources */ = {isa = PBXBuildFile; fileRef = EACED9F81B7C53A100E3C681 /* 9.jpg */; };
		EACEDA041B7C5E8800E3C681 /* ImageDisplayViewController.swift in Sources */ = {isa = PBXBuildFile; fileRef = EACEDA031B7C5E8800E3C681 /* ImageDisplayViewController.swift */; };
/* End PBXBuildFile section */

/* Begin PBXContainerItemProxy section */
		EA2263D21B7B1516003F5E37 /* PBXContainerItemProxy */ = {
			isa = PBXContainerItemProxy;
			containerPortal = EA2263B41B7B1516003F5E37 /* Project object */;
			proxyType = 1;
			remoteGlobalIDString = EA2263BB1B7B1516003F5E37;
			remoteInfo = iCarosealSwiftExample;
		};
/* End PBXContainerItemProxy section */

/* Begin PBXFileReference section */
		EA2263BC1B7B1516003F5E37 /* iCarosealSwiftExample.app */ = {isa = PBXFileReference; explicitFileType = wrapper.application; includeInIndex = 0; path = iCarosealSwiftExample.app; sourceTree = BUILT_PRODUCTS_DIR; };
		EA2263C01B7B1516003F5E37 /* Info.plist */ = {isa = PBXFileReference; lastKnownFileType = text.plist.xml; path = Info.plist; sourceTree = "<group>"; };
		EA2263C11B7B1516003F5E37 /* AppDelegate.swift */ = {isa = PBXFileReference; lastKnownFileType = sourcecode.swift; path = AppDelegate.swift; sourceTree = "<group>"; };
		EA2263C31B7B1516003F5E37 /* ViewController.swift */ = {isa = PBXFileReference; lastKnownFileType = sourcecode.swift; path = ViewController.swift; sourceTree = "<group>"; };
		EA2263C61B7B1516003F5E37 /* Base */ = {isa = PBXFileReference; lastKnownFileType = file.storyboard; name = Base; path = Base.lproj/Main.storyboard; sourceTree = "<group>"; };
		EA2263C81B7B1516003F5E37 /* Images.xcassets */ = {isa = PBXFileReference; lastKnownFileType = folder.assetcatalog; path = Images.xcassets; sourceTree = "<group>"; };
		EA2263CB1B7B1516003F5E37 /* Base */ = {isa = PBXFileReference; lastKnownFileType = file.xib; name = Base; path = Base.lproj/LaunchScreen.xib; sourceTree = "<group>"; };
		EA2263D11B7B1516003F5E37 /* iCarosealSwiftExampleTests.xctest */ = {isa = PBXFileReference; explicitFileType = wrapper.cfbundle; includeInIndex = 0; path = iCarosealSwiftExampleTests.xctest; sourceTree = BUILT_PRODUCTS_DIR; };
		EA2263D61B7B1516003F5E37 /* Info.plist */ = {isa = PBXFileReference; lastKnownFileType = text.plist.xml; path = Info.plist; sourceTree = "<group>"; };
		EA2263D71B7B1516003F5E37 /* iCarosealSwiftExampleTests.swift */ = {isa = PBXFileReference; lastKnownFileType = sourcecode.swift; path = iCarosealSwiftExampleTests.swift; sourceTree = "<group>"; };
		EA2263E21B7B159A003F5E37 /* iCarousel.h */ = {isa = PBXFileReference; fileEncoding = 4; lastKnownFileType = sourcecode.c.h; path = iCarousel.h; sourceTree = "<group>"; };
		EA2263E31B7B159A003F5E37 /* iCarousel.m */ = {isa = PBXFileReference; fileEncoding = 4; lastKnownFileType = sourcecode.c.objc; path = iCarousel.m; sourceTree = "<group>"; };
		EA2263E51B7B1684003F5E37 /* iCarosealSwiftExample-Bridging-Header.h */ = {isa = PBXFileReference; lastKnownFileType = sourcecode.c.h; path = "iCarosealSwiftExample-Bridging-Header.h"; sourceTree = "<group>"; };
		EACED9EF1B7C53A100E3C681 /* 1.jpg */ = {isa = PBXFileReference; lastKnownFileType = image.jpeg; path = 1.jpg; sourceTree = "<group>"; };
		EACED9F01B7C53A100E3C681 /* 10.jpg */ = {isa = PBXFileReference; lastKnownFileType = image.jpeg; path = 10.jpg; sourceTree = "<group>"; };
		EACED9F11B7C53A100E3C681 /* 2.jpg */ = {isa = PBXFileReference; lastKnownFileType = image.jpeg; path = 2.jpg; sourceTree = "<group>"; };
		EACED9F21B7C53A100E3C681 /* 3.jpg */ = {isa = PBXFileReference; lastKnownFileType = image.jpeg; path = 3.jpg; sourceTree = "<group>"; };
		EACED9F31B7C53A100E3C681 /* 4.jpg */ = {isa = PBXFileReference; lastKnownFileType = image.jpeg; path = 4.jpg; sourceTree = "<group>"; };
		EACED9F41B7C53A100E3C681 /* 5.jpg */ = {isa = PBXFileReference; lastKnownFileType = image.jpeg; path = 5.jpg; sourceTree = "<group>"; };
		EACED9F51B7C53A100E3C681 /* 6.jpg */ = {isa = PBXFileReference; lastKnownFileType = image.jpeg; path = 6.jpg; sourceTree = "<group>"; };
		EACED9F61B7C53A100E3C681 /* 7.jpg */ = {isa = PBXFileReference; lastKnownFileType = image.jpeg; path = 7.jpg; sourceTree = "<group>"; };
		EACED9F71B7C53A100E3C681 /* 8.jpg */ = {isa = PBXFileReference; lastKnownFileType = image.jpeg; path = 8.jpg; sourceTree = "<group>"; };
		EACED9F81B7C53A100E3C681 /* 9.jpg */ = {isa = PBXFileReference; lastKnownFileType = image.jpeg; path = 9.jpg; sourceTree = "<group>"; };
		EACEDA031B7C5E8800E3C681 /* ImageDisplayViewController.swift */ = {isa = PBXFileReference; fileEncoding = 4; lastKnownFileType = sourcecode.swift; path = ImageDisplayViewController.swift; sourceTree = "<group>"; };
/* End PBXFileReference section */

/* Begin PBXFrameworksBuildPhase section */
		EA2263B91B7B1516003F5E37 /* Frameworks */ = {
			isa = PBXFrameworksBuildPhase;
			buildActionMask = 2147483647;
			files = (
			);
			runOnlyForDeploymentPostprocessing = 0;
		};
		EA2263CE1B7B1516003F5E37 /* Frameworks */ = {
			isa = PBXFrameworksBuildPhase;
			buildActionMask = 2147483647;
			files = (
			);
			runOnlyForDeploymentPostprocessing = 0;
		};
/* End PBXFrameworksBuildPhase section */

/* Begin PBXGroup section */
		EA2263B31B7B1516003F5E37 = {
			isa = PBXGroup;
			children = (
				EA2263BE1B7B1516003F5E37 /* iCarosealSwiftExample */,
				EA2263D41B7B1516003F5E37 /* iCarosealSwiftExampleTests */,
				EA2263BD1B7B1516003F5E37 /* Products */,
			);
			sourceTree = "<group>";
		};
		EA2263BD1B7B1516003F5E37 /* Products */ = {
			isa = PBXGroup;
			children = (
				EA2263BC1B7B1516003F5E37 /* iCarosealSwiftExample.app */,
				EA2263D11B7B1516003F5E37 /* iCarosealSwiftExampleTests.xctest */,
			);
			name = Products;
			sourceTree = "<group>";
		};
		EA2263BE1B7B1516003F5E37 /* iCarosealSwiftExample */ = {
			isa = PBXGroup;
			children = (
				EA2263C11B7B1516003F5E37 /* AppDelegate.swift */,
				EA2263C31B7B1516003F5E37 /* ViewController.swift */,
				EACEDA031B7C5E8800E3C681 /* ImageDisplayViewController.swift */,
				EA2263C51B7B1516003F5E37 /* Main.storyboard */,
				EA2263C81B7B1516003F5E37 /* Images.xcassets */,
				EA2263CA1B7B1516003F5E37 /* LaunchScreen.xib */,
				EA2263E51B7B1684003F5E37 /* iCarosealSwiftExample-Bridging-Header.h */,
				EACED9EE1B7C53A100E3C681 /* images */,
				EA2263E11B7B159A003F5E37 /* iCarousel */,
				EA2263BF1B7B1516003F5E37 /* Supporting Files */,
			);
			path = iCarosealSwiftExample;
			sourceTree = "<group>";
		};
		EA2263BF1B7B1516003F5E37 /* Supporting Files */ = {
			isa = PBXGroup;
			children = (
				EA2263C01B7B1516003F5E37 /* Info.plist */,
			);
			name = "Supporting Files";
			sourceTree = "<group>";
		};
		EA2263D41B7B1516003F5E37 /* iCarosealSwiftExampleTests */ = {
			isa = PBXGroup;
			children = (
				EA2263D71B7B1516003F5E37 /* iCarosealSwiftExampleTests.swift */,
				EA2263D51B7B1516003F5E37 /* Supporting Files */,
			);
			path = iCarosealSwiftExampleTests;
			sourceTree = "<group>";
		};
		EA2263D51B7B1516003F5E37 /* Supporting Files */ = {
			isa = PBXGroup;
			children = (
				EA2263D61B7B1516003F5E37 /* Info.plist */,
			);
			name = "Supporting Files";
			sourceTree = "<group>";
		};
		EA2263E11B7B159A003F5E37 /* iCarousel */ = {
			isa = PBXGroup;
			children = (
				EA2263E21B7B159A003F5E37 /* iCarousel.h */,
				EA2263E31B7B159A003F5E37 /* iCarousel.m */,
			);
			name = iCarousel;
			path = ThirdParty/iCarousel;
			sourceTree = "<group>";
		};
		EACED9EE1B7C53A100E3C681 /* images */ = {
			isa = PBXGroup;
			children = (
				EACED9EF1B7C53A100E3C681 /* 1.jpg */,
				EACED9F01B7C53A100E3C681 /* 10.jpg */,
				EACED9F11B7C53A100E3C681 /* 2.jpg */,
				EACED9F21B7C53A100E3C681 /* 3.jpg */,
				EACED9F31B7C53A100E3C681 /* 4.jpg */,
				EACED9F41B7C53A100E3C681 /* 5.jpg */,
				EACED9F51B7C53A100E3C681 /* 6.jpg */,
				EACED9F61B7C53A100E3C681 /* 7.jpg */,
				EACED9F71B7C53A100E3C681 /* 8.jpg */,
				EACED9F81B7C53A100E3C681 /* 9.jpg */,
			);
			path = images;
			sourceTree = "<group>";
		};
/* End PBXGroup section */

/* Begin PBXNativeTarget section */
		EA2263BB1B7B1516003F5E37 /* iCarosealSwiftExample */ = {
			isa = PBXNativeTarget;
			buildConfigurationList = EA2263DB1B7B1516003F5E37 /* Build configuration list for PBXNativeTarget "iCarosealSwiftExample" */;
			buildPhases = (
				EA2263B81B7B1516003F5E37 /* Sources */,
				EA2263B91B7B1516003F5E37 /* Frameworks */,
				EA2263BA1B7B1516003F5E37 /* Resources */,
			);
			buildRules = (
			);
			dependencies = (
			);
			name = iCarosealSwiftExample;
			productName = iCarosealSwiftExample;
			productReference = EA2263BC1B7B1516003F5E37 /* iCarosealSwiftExample.app */;
			productType = "com.apple.product-type.application";
		};
		EA2263D01B7B1516003F5E37 /* iCarosealSwiftExampleTests */ = {
			isa = PBXNativeTarget;
			buildConfigurationList = EA2263DE1B7B1516003F5E37 /* Build configuration list for PBXNativeTarget "iCarosealSwiftExampleTests" */;
			buildPhases = (
				EA2263CD1B7B1516003F5E37 /* Sources */,
				EA2263CE1B7B1516003F5E37 /* Frameworks */,
				EA2263CF1B7B1516003F5E37 /* Resources */,
			);
			buildRules = (
			);
			dependencies = (
				EA2263D31B7B1516003F5E37 /* PBXTargetDependency */,
			);
			name = iCarosealSwiftExampleTests;
			productName = iCarosealSwiftExampleTests;
			productReference = EA2263D11B7B1516003F5E37 /* iCarosealSwiftExampleTests.xctest */;
			productType = "com.apple.product-type.bundle.unit-test";
		};
/* End PBXNativeTarget section */

/* Begin PBXProject section */
		EA2263B41B7B1516003F5E37 /* Project object */ = {
			isa = PBXProject;
			attributes = {
				LastUpgradeCheck = 0630;
				ORGANIZATIONNAME = "TheAppGuruz-New-6";
				TargetAttributes = {
					EA2263BB1B7B1516003F5E37 = {
						CreatedOnToolsVersion = 6.3.2;
					};
					EA2263D01B7B1516003F5E37 = {
						CreatedOnToolsVersion = 6.3.2;
						TestTargetID = EA2263BB1B7B1516003F5E37;
					};
				};
			};
			buildConfigurationList = EA2263B71B7B1516003F5E37 /* Build configuration list for PBXProject "iCarosealSwiftExample" */;
			compatibilityVersion = "Xcode 3.2";
			developmentRegion = English;
			hasScannedForEncodings = 0;
			knownRegions = (
				en,
				Base,
			);
			mainGroup = EA2263B31B7B1516003F5E37;
			productRefGroup = EA2263BD1B7B1516003F5E37 /* Products */;
			projectDirPath = "";
			projectRoot = "";
			targets = (
				EA2263BB1B7B1516003F5E37 /* iCarosealSwiftExample */,
				EA2263D01B7B1516003F5E37 /* iCarosealSwiftExampleTests */,
			);
		};
/* End PBXProject section */

/* Begin PBXResourcesBuildPhase section */
		EA2263BA1B7B1516003F5E37 /* Resources */ = {
			isa = PBXResourcesBuildPhase;
			buildActionMask = 2147483647;
			files = (
				EACEDA021B7C53A100E3C681 /* 9.jpg in Resources */,
				EACEDA011B7C53A100E3C681 /* 8.jpg in Resources */,
				EACEDA001B7C53A100E3C681 /* 7.jpg in Resources */,
				EACED9FD1B7C53A100E3C681 /* 4.jpg in Resources */,
				EACED9FB1B7C53A100E3C681 /* 2.jpg in Resources */,
				EACED9FA1B7C53A100E3C681 /* 10.jpg in Resources */,
				EACED9FE1B7C53A100E3C681 /* 5.jpg in Resources */,
				EACED9FF1B7C53A100E3C681 /* 6.jpg in Resources */,
				EA2263C71B7B1516003F5E37 /* Main.storyboard in Resources */,
				EACED9F91B7C53A100E3C681 /* 1.jpg in Resources */,
				EA2263CC1B7B1516003F5E37 /* LaunchScreen.xib in Resources */,
				EACED9FC1B7C53A100E3C681 /* 3.jpg in Resources */,
				EA2263C91B7B1516003F5E37 /* Images.xcassets in Resources */,
			);
			runOnlyForDeploymentPostprocessing = 0;
		};
		EA2263CF1B7B1516003F5E37 /* Resources */ = {
			isa = PBXResourcesBuildPhase;
			buildActionMask = 2147483647;
			files = (
			);
			runOnlyForDeploymentPostprocessing = 0;
		};
/* End PBXResourcesBuildPhase section */

/* Begin PBXSourcesBuildPhase section */
		EA2263B81B7B1516003F5E37 /* Sources */ = {
			isa = PBXSourcesBuildPhase;
			buildActionMask = 2147483647;
			files = (
				EA2263E41B7B159A003F5E37 /* iCarousel.m in Sources */,
				EA2263C41B7B1516003F5E37 /* ViewController.swift in Sources */,
				EACEDA041B7C5E8800E3C681 /* ImageDisplayViewController.swift in Sources */,
				EA2263C21B7B1516003F5E37 /* AppDelegate.swift in Sources */,
			);
			runOnlyForDeploymentPostprocessing = 0;
		};
		EA2263CD1B7B1516003F5E37 /* Sources */ = {
			isa = PBXSourcesBuildPhase;
			buildActionMask = 2147483647;
			files = (
				EA2263D81B7B1516003F5E37 /* iCarosealSwiftExampleTests.swift in Sources */,
			);
			runOnlyForDeploymentPostprocessing = 0;
		};
/* End PBXSourcesBuildPhase section */

/* Begin PBXTargetDependency section */
		EA2263D31B7B1516003F5E37 /* PBXTargetDependency */ = {
			isa = PBXTargetDependency;
			target = EA2263BB1B7B1516003F5E37 /* iCarosealSwiftExample */;
			targetProxy = EA2263D21B7B1516003F5E37 /* PBXContainerItemProxy */;
		};
/* End PBXTargetDependency section */

/* Begin PBXVariantGroup section */
		EA2263C51B7B1516003F5E37 /* Main.storyboard */ = {
			isa = PBXVariantGroup;
			children = (
				EA2263C61B7B1516003F5E37 /* Base */,
			);
			name = Main.storyboard;
			sourceTree = "<group>";
		};
		EA2263CA1B7B1516003F5E37 /* LaunchScreen.xib */ = {
			isa = PBXVariantGroup;
			children = (
				EA2263CB1B7B1516003F5E37 /* Base */,
			);
			name = LaunchScreen.xib;
			sourceTree = "<group>";
		};
/* End PBXVariantGroup section */

/* Begin XCBuildConfiguration section */
		EA2263D91B7B1516003F5E37 /* Debug */ = {
			isa = XCBuildConfiguration;
			buildSettings = {
				ALWAYS_SEARCH_USER_PATHS = NO;
				CLANG_CXX_LANGUAGE_STANDARD = "gnu++0x";
				CLANG_CXX_LIBRARY = "libc++";
				CLANG_ENABLE_MODULES = YES;
				CLANG_ENABLE_OBJC_ARC = YES;
				CLANG_WARN_BOOL_CONVERSION = YES;
				CLANG_WARN_CONSTANT_CONVERSION = YES;
				CLANG_WARN_DIRECT_OBJC_ISA_USAGE = YES_ERROR;
				CLANG_WARN_EMPTY_BODY = YES;
				CLANG_WARN_ENUM_CONVERSION = YES;
				CLANG_WARN_INT_CONVERSION = YES;
				CLANG_WARN_OBJC_ROOT_CLASS = YES_ERROR;
				CLANG_WARN_UNREACHABLE_CODE = YES;
				CLANG_WARN__DUPLICATE_METHOD_MATCH = YES;
				"CODE_SIGN_IDENTITY[sdk=iphoneos*]" = "iPhone Developer";
				COPY_PHASE_STRIP = NO;
				DEBUG_INFORMATION_FORMAT = "dwarf-with-dsym";
				ENABLE_STRICT_OBJC_MSGSEND = YES;
				GCC_C_LANGUAGE_STANDARD = gnu99;
				GCC_DYNAMIC_NO_PIC = NO;
				GCC_NO_COMMON_BLOCKS = YES;
				GCC_OPTIMIZATION_LEVEL = 0;
				GCC_PREPROCESSOR_DEFINITIONS = (
					"DEBUG=1",
					"$(inherited)",
				);
				GCC_SYMBOLS_PRIVATE_EXTERN = NO;
				GCC_WARN_64_TO_32_BIT_CONVERSION = YES;
				GCC_WARN_ABOUT_RETURN_TYPE = YES_ERROR;
				GCC_WARN_UNDECLARED_SELECTOR = YES;
				GCC_WARN_UNINITIALIZED_AUTOS = YES_AGGRESSIVE;
				GCC_WARN_UNUSED_FUNCTION = YES;
				GCC_WARN_UNUSED_VARIABLE = YES;
				IPHONEOS_DEPLOYMENT_TARGET = 8.3;
				MTL_ENABLE_DEBUG_INFO = YES;
				ONLY_ACTIVE_ARCH = YES;
				SDKROOT = iphoneos;
				SWIFT_OPTIMIZATION_LEVEL = "-Onone";
				TARGETED_DEVICE_FAMILY = "1,2";
			};
			name = Debug;
		};
		EA2263DA1B7B1516003F5E37 /* Release */ = {
			isa = XCBuildConfiguration;
			buildSettings = {
				ALWAYS_SEARCH_USER_PATHS = NO;
				CLANG_CXX_LANGUAGE_STANDARD = "gnu++0x";
				CLANG_CXX_LIBRARY = "libc++";
				CLANG_ENABLE_MODULES = YES;
				CLANG_ENABLE_OBJC_ARC = YES;
				CLANG_WARN_BOOL_CONVERSION = YES;
				CLANG_WARN_CONSTANT_CONVERSION = YES;
				CLANG_WARN_DIRECT_OBJC_ISA_USAGE = YES_ERROR;
				CLANG_WARN_EMPTY_BODY = YES;
				CLANG_WARN_ENUM_CONVERSION = YES;
				CLANG_WARN_INT_CONVERSION = YES;
				CLANG_WARN_OBJC_ROOT_CLASS = YES_ERROR;
				CLANG_WARN_UNREACHABLE_CODE = YES;
				CLANG_WARN__DUPLICATE_METHOD_MATCH = YES;
				"CODE_SIGN_IDENTITY[sdk=iphoneos*]" = "iPhone Developer";
				COPY_PHASE_STRIP = NO;
				DEBUG_INFORMATION_FORMAT = "dwarf-with-dsym";
				ENABLE_NS_ASSERTIONS = NO;
				ENABLE_STRICT_OBJC_MSGSEND = YES;
				GCC_C_LANGUAGE_STANDARD = gnu99;
				GCC_NO_COMMON_BLOCKS = YES;
				GCC_WARN_64_TO_32_BIT_CONVERSION = YES;
				GCC_WARN_ABOUT_RETURN_TYPE = YES_ERROR;
				GCC_WARN_UNDECLARED_SELECTOR = YES;
				GCC_WARN_UNINITIALIZED_AUTOS = YES_AGGRESSIVE;
				GCC_WARN_UNUSED_FUNCTION = YES;
				GCC_WARN_UNUSED_VARIABLE = YES;
				IPHONEOS_DEPLOYMENT_TARGET = 8.3;
				MTL_ENABLE_DEBUG_INFO = NO;
				SDKROOT = iphoneos;
				TARGETED_DEVICE_FAMILY = "1,2";
				VALIDATE_PRODUCT = YES;
			};
			name = Release;
		};
		EA2263DC1B7B1516003F5E37 /* Debug */ = {
			isa = XCBuildConfiguration;
			buildSettings = {
				ASSETCATALOG_COMPILER_APPICON_NAME = AppIcon;
				INFOPLIST_FILE = iCarosealSwiftExample/Info.plist;
				LD_RUNPATH_SEARCH_PATHS = "$(inherited) @executable_path/Frameworks";
				PRODUCT_NAME = "$(TARGET_NAME)";
				SWIFT_OBJC_BRIDGING_HEADER = "./iCarosealSwiftExample/iCarosealSwiftExample-Bridging-Header.h";
			};
			name = Debug;
		};
		EA2263DD1B7B1516003F5E37 /* Release */ = {
			isa = XCBuildConfiguration;
			buildSettings = {
				ASSETCATALOG_COMPILER_APPICON_NAME = AppIcon;
				INFOPLIST_FILE = iCarosealSwiftExample/Info.plist;
				LD_RUNPATH_SEARCH_PATHS = "$(inherited) @executable_path/Frameworks";
				PRODUCT_NAME = "$(TARGET_NAME)";
				SWIFT_OBJC_BRIDGING_HEADER = "./iCarosealSwiftExample/iCarosealSwiftExample-Bridging-Header.h";
			};
			name = Release;
		};
		EA2263DF1B7B1516003F5E37 /* Debug */ = {
			isa = XCBuildConfiguration;
			buildSettings = {
				BUNDLE_LOADER = "$(TEST_HOST)";
				FRAMEWORK_SEARCH_PATHS = (
					"$(SDKROOT)/Developer/Library/Frameworks",
					"$(inherited)",
				);
				GCC_PREPROCESSOR_DEFINITIONS = (
					"DEBUG=1",
					"$(inherited)",
				);
				INFOPLIST_FILE = iCarosealSwiftExampleTests/Info.plist;
				LD_RUNPATH_SEARCH_PATHS = "$(inherited) @executable_path/Frameworks @loader_path/Frameworks";
				PRODUCT_NAME = "$(TARGET_NAME)";
				TEST_HOST = "$(BUILT_PRODUCTS_DIR)/iCarosealSwiftExample.app/iCarosealSwiftExample";
			};
			name = Debug;
		};
		EA2263E01B7B1516003F5E37 /* Release */ = {
			isa = XCBuildConfiguration;
			buildSettings = {
				BUNDLE_LOADER = "$(TEST_HOST)";
				FRAMEWORK_SEARCH_PATHS = (
					"$(SDKROOT)/Developer/Library/Frameworks",
					"$(inherited)",
				);
				INFOPLIST_FILE = iCarosealSwiftExampleTests/Info.plist;
				LD_RUNPATH_SEARCH_PATHS = "$(inherited) @executable_path/Frameworks @loader_path/Frameworks";
				PRODUCT_NAME = "$(TARGET_NAME)";
				TEST_HOST = "$(BUILT_PRODUCTS_DIR)/iCarosealSwiftExample.app/iCarosealSwiftExample";
			};
			name = Release;
		};
/* End XCBuildConfiguration section */

/* Begin XCConfigurationList section */
		EA2263B71B7B1516003F5E37 /* Build configuration list for PBXProject "iCarosealSwiftExample" */ = {
			isa = XCConfigurationList;
			buildConfigurations = (
				EA2263D91B7B1516003F5E37 /* Debug */,
				EA2263DA1B7B1516003F5E37 /* Release */,
			);
			defaultConfigurationIsVisible = 0;
			defaultConfigurationName = Release;
		};
		EA2263DB1B7B1516003F5E37 /* Build configuration list for PBXNativeTarget "iCarosealSwiftExample" */ = {
			isa = XCConfigurationList;
			buildConfigurations = (
				EA2263DC1B7B1516003F5E37 /* Debug */,
				EA2263DD1B7B1516003F5E37 /* Release */,
			);
			defaultConfigurationIsVisible = 0;
			defaultConfigurationName = Release;
		};
		EA2263DE1B7B1516003F5E37 /* Build configuration list for PBXNativeTarget "iCarosealSwiftExampleTests" */ = {
			isa = XCConfigurationList;
			buildConfigurations = (
				EA2263DF1B7B1516003F5E37 /* Debug */,
				EA2263E01B7B1516003F5E37 /* Release */,
			);
			defaultConfigurationIsVisible = 0;
			defaultConfigurationName = Release;
		};
/* End XCConfigurationList section */
	};
	rootObject = EA2263B41B7B1516003F5E37 /* Project object */;
}
